
Microsoft Visual Studio Solution File, Format Version 12.00
# Visual Studio Version 16
VisualStudioVersion = 16.0.29020.237
MinimumVisualStudioVersion = 10.0.40219.1
Project("{FAE04EC0-301F-11D3-BF4B-00C04F79EFBC}") = "kalkulacka", "kalkulacka\kalkulacka.csproj", "{BF740F34-FB29-4286-8695-72E1625CBBDB}"
EndProject
Global
	GlobalSection(SolutionConfigurationPlatforms) = preSolution
		Debug|Any CPU = Debug|Any CPU
		Release|Any CPU = Release|Any CPU
	EndGlobalSection
	GlobalSection(ProjectConfigurationPlatforms) = postSolution
		{BF740F34-FB29-4286-8695-72E1625CBBDB}.Debug|Any CPU.ActiveCfg = Debug|Any CPU
		{BF740F34-FB29-4286-8695-72E1625CBBDB}.Debug|Any CPU.Build.0 = Debug|Any CPU
		{BF740F34-FB29-4286-8695-72E1625CBBDB}.Release|Any CPU.ActiveCfg = Release|Any CPU
		{BF740F34-FB29-4286-8695-72E1625CBBDB}.Release|Any CPU.Build.0 = Release|Any CPU
	EndGlobalSection
	GlobalSection(SolutionProperties) = preSolution
		HideSolutionNode = FALSE
	EndGlobalSection
	GlobalSection(ExtensibilityGlobals) = postSolution
		SolutionGuid = {64F7C6F3-95B3-4168-8798-8AD5118840F3}
	EndGlobalSection
EndGlobal
